
Microsoft Visual Studio Solution File, Format Version 12.00
# Visual Studio Version 17
VisualStudioVersion = 17.0.31903.59
MinimumVisualStudioVersion = 10.0.40219.1
Project("{FAE04EC0-301F-11D3-BF4B-00C04F79EFBC}") = "InterfaceExercise", "InterfaceExercise\InterfaceExercise.csproj", "{8837C255-7150-4931-82C9-1D2C7D0B7F6E}"
EndProject
Project("{FAE04EC0-301F-11D3-BF4B-00C04F79EFBC}") = "InterfaceExerciseLibrary", "InterfaceExerciseLibrary\InterfaceExerciseLibrary.csproj", "{0726A0CF-4DD2-4D81-930C-A5AA106171B5}"
EndProject
Global
	GlobalSection(SolutionConfigurationPlatforms) = preSolution
		Debug|Any CPU = Debug|Any CPU
		Release|Any CPU = Release|Any CPU
	EndGlobalSection
	GlobalSection(SolutionProperties) = preSolution
		HideSolutionNode = FALSE
	EndGlobalSection
	GlobalSection(ProjectConfigurationPlatforms) = postSolution
		{8837C255-7150-4931-82C9-1D2C7D0B7F6E}.Debug|Any CPU.ActiveCfg = Debug|Any CPU
		{8837C255-7150-4931-82C9-1D2C7D0B7F6E}.Debug|Any CPU.Build.0 = Debug|Any CPU
		{8837C255-7150-4931-82C9-1D2C7D0B7F6E}.Release|Any CPU.ActiveCfg = Release|Any CPU
		{8837C255-7150-4931-82C9-1D2C7D0B7F6E}.Release|Any CPU.Build.0 = Release|Any CPU
		{0726A0CF-4DD2-4D81-930C-A5AA106171B5}.Debug|Any CPU.ActiveCfg = Debug|Any CPU
		{0726A0CF-4DD2-4D81-930C-A5AA106171B5}.Debug|Any CPU.Build.0 = Debug|Any CPU
		{0726A0CF-4DD2-4D81-930C-A5AA106171B5}.Release|Any CPU.ActiveCfg = Release|Any CPU
		{0726A0CF-4DD2-4D81-930C-A5AA106171B5}.Release|Any CPU.Build.0 = Release|Any CPU
	EndGlobalSection
EndGlobal
