
Microsoft Visual Studio Solution File, Format Version 12.00
# Visual Studio Version 17
VisualStudioVersion = 17.0.31903.59
MinimumVisualStudioVersion = 10.0.40219.1
Project("{FAE04EC0-301F-11D3-BF4B-00C04F79EFBC}") = "RefOutLib", "RefOutLib\RefOutLib.csproj", "{D1BB5764-90F9-4ACC-9615-D48831F17365}"
EndProject
Project("{FAE04EC0-301F-11D3-BF4B-00C04F79EFBC}") = "RefOut", "RefOut\RefOut.csproj", "{8FE4DCD5-4D31-46FF-B400-5E446A6FB0DA}"
EndProject
Global
	GlobalSection(SolutionConfigurationPlatforms) = preSolution
		Debug|Any CPU = Debug|Any CPU
		Release|Any CPU = Release|Any CPU
	EndGlobalSection
	GlobalSection(SolutionProperties) = preSolution
		HideSolutionNode = FALSE
	EndGlobalSection
	GlobalSection(ProjectConfigurationPlatforms) = postSolution
		{D1BB5764-90F9-4ACC-9615-D48831F17365}.Debug|Any CPU.ActiveCfg = Debug|Any CPU
		{D1BB5764-90F9-4ACC-9615-D48831F17365}.Debug|Any CPU.Build.0 = Debug|Any CPU
		{D1BB5764-90F9-4ACC-9615-D48831F17365}.Release|Any CPU.ActiveCfg = Release|Any CPU
		{D1BB5764-90F9-4ACC-9615-D48831F17365}.Release|Any CPU.Build.0 = Release|Any CPU
		{8FE4DCD5-4D31-46FF-B400-5E446A6FB0DA}.Debug|Any CPU.ActiveCfg = Debug|Any CPU
		{8FE4DCD5-4D31-46FF-B400-5E446A6FB0DA}.Debug|Any CPU.Build.0 = Debug|Any CPU
		{8FE4DCD5-4D31-46FF-B400-5E446A6FB0DA}.Release|Any CPU.ActiveCfg = Release|Any CPU
		{8FE4DCD5-4D31-46FF-B400-5E446A6FB0DA}.Release|Any CPU.Build.0 = Release|Any CPU
	EndGlobalSection
EndGlobal
