
Microsoft Visual Studio Solution File, Format Version 12.00
# Visual Studio Version 17
VisualStudioVersion = 17.0.31903.59
MinimumVisualStudioVersion = 10.0.40219.1
Project("{FAE04EC0-301F-11D3-BF4B-00C04F79EFBC}") = "ExercicioP", "ExercicioP\ExercicioP.csproj", "{2D376A6D-9A89-45D3-84FD-21CAD792770D}"
EndProject
Project("{FAE04EC0-301F-11D3-BF4B-00C04F79EFBC}") = "ExercicioP.Test", "ExercicioP.Test\ExercicioP.Test.csproj", "{53CC0346-632E-4F01-8314-D97A413F5E2A}"
EndProject
Global
	GlobalSection(SolutionConfigurationPlatforms) = preSolution
		Debug|Any CPU = Debug|Any CPU
		Release|Any CPU = Release|Any CPU
	EndGlobalSection
	GlobalSection(SolutionProperties) = preSolution
		HideSolutionNode = FALSE
	EndGlobalSection
	GlobalSection(ProjectConfigurationPlatforms) = postSolution
		{2D376A6D-9A89-45D3-84FD-21CAD792770D}.Debug|Any CPU.ActiveCfg = Debug|Any CPU
		{2D376A6D-9A89-45D3-84FD-21CAD792770D}.Debug|Any CPU.Build.0 = Debug|Any CPU
		{2D376A6D-9A89-45D3-84FD-21CAD792770D}.Release|Any CPU.ActiveCfg = Release|Any CPU
		{2D376A6D-9A89-45D3-84FD-21CAD792770D}.Release|Any CPU.Build.0 = Release|Any CPU
		{53CC0346-632E-4F01-8314-D97A413F5E2A}.Debug|Any CPU.ActiveCfg = Debug|Any CPU
		{53CC0346-632E-4F01-8314-D97A413F5E2A}.Debug|Any CPU.Build.0 = Debug|Any CPU
		{53CC0346-632E-4F01-8314-D97A413F5E2A}.Release|Any CPU.ActiveCfg = Release|Any CPU
		{53CC0346-632E-4F01-8314-D97A413F5E2A}.Release|Any CPU.Build.0 = Release|Any CPU
	EndGlobalSection
EndGlobal
