
Microsoft Visual Studio Solution File, Format Version 12.00
# Visual Studio Version 17
VisualStudioVersion = 17.0.31903.59
MinimumVisualStudioVersion = 10.0.40219.1
Project("{FAE04EC0-301F-11D3-BF4B-00C04F79EFBC}") = "Excecoes", "Excecoes\Excecoes.csproj", "{9FF02FAE-4117-42FE-A300-1F20C1EB77EA}"
EndProject
Project("{FAE04EC0-301F-11D3-BF4B-00C04F79EFBC}") = "ExcecoesLibrary", "ExcecoesLibrary\ExcecoesLibrary.csproj", "{E65B2C03-6FF4-4BB3-B1F5-0B2D48A420D0}"
EndProject
Global
	GlobalSection(SolutionConfigurationPlatforms) = preSolution
		Debug|Any CPU = Debug|Any CPU
		Release|Any CPU = Release|Any CPU
	EndGlobalSection
	GlobalSection(SolutionProperties) = preSolution
		HideSolutionNode = FALSE
	EndGlobalSection
	GlobalSection(ProjectConfigurationPlatforms) = postSolution
		{9FF02FAE-4117-42FE-A300-1F20C1EB77EA}.Debug|Any CPU.ActiveCfg = Debug|Any CPU
		{9FF02FAE-4117-42FE-A300-1F20C1EB77EA}.Debug|Any CPU.Build.0 = Debug|Any CPU
		{9FF02FAE-4117-42FE-A300-1F20C1EB77EA}.Release|Any CPU.ActiveCfg = Release|Any CPU
		{9FF02FAE-4117-42FE-A300-1F20C1EB77EA}.Release|Any CPU.Build.0 = Release|Any CPU
		{E65B2C03-6FF4-4BB3-B1F5-0B2D48A420D0}.Debug|Any CPU.ActiveCfg = Debug|Any CPU
		{E65B2C03-6FF4-4BB3-B1F5-0B2D48A420D0}.Debug|Any CPU.Build.0 = Debug|Any CPU
		{E65B2C03-6FF4-4BB3-B1F5-0B2D48A420D0}.Release|Any CPU.ActiveCfg = Release|Any CPU
		{E65B2C03-6FF4-4BB3-B1F5-0B2D48A420D0}.Release|Any CPU.Build.0 = Release|Any CPU
	EndGlobalSection
EndGlobal
